// !$*UTF8*$!
{
	archiveVersion = 1;
	classes = {
	};
	objectVersion = 77;
	objects = {

/* Begin PBXBuildFile section */
		KSVB0001000000000000001 /* KsSettingsViewCore in Frameworks */ = {isa = PBXBuildFile; productRef = KSVB0002000000000000001 /* KsSettingsViewCore */; };
		KSVB0003000000000000001 /* KsSettingsViewUI in Frameworks */ = {isa = PBXBuildFile; productRef = KSVB0004000000000000001 /* KsSettingsViewUI */; };
/* End PBXBuildFile section */

/* Begin PBXFileReference section */
		KSVB0005000000000000001 /* KsSettingsViewBridge.framework */ = {isa = PBXFileReference; explicitFileType = wrapper.framework; includeInIndex = 0; path = KsSettingsViewBridge.framework; sourceTree = BUILT_PRODUCTS_DIR; };
/* End PBXFileReference section */

/* Begin PBXFileSystemSynchronizedRootGroup section */
		KSVB0006000000000000001 /* KsSettingsViewBridge */ = {
			isa = PBXFileSystemSynchronizedRootGroup;
			path = ../Sources/KsSettingsViewBridge;
			sourceTree = "<group>";
		};
/* End PBXFileSystemSynchronizedRootGroup section */

/* Begin PBXFrameworksBuildPhase section */
		KSVB0007000000000000001 /* Frameworks */ = {
			isa = PBXFrameworksBuildPhase;
			buildActionMask = 2147483647;
			files = (
				KSVB0001000000000000001 /* KsSettingsViewCore in Frameworks */,
				KSVB0003000000000000001 /* KsSettingsViewUI in Frameworks */,
			);
			runOnlyForDeploymentPostprocessing = 0;
		};
/* End PBXFrameworksBuildPhase section */

/* Begin PBXGroup section */
		KSVB0008000000000000001 = {
			isa = PBXGroup;
			children = (
				KSVB0006000000000000001 /* KsSettingsViewBridge */,
				KSVB0009000000000000001 /* Products */,
			);
			sourceTree = "<group>";
		};
		KSVB0009000000000000001 /* Products */ = {
			isa = PBXGroup;
			children = (
				KSVB0005000000000000001 /* KsSettingsViewBridge.framework */,
			);
			name = Products;
			sourceTree = "<group>";
		};
/* End PBXGroup section */

/* Begin PBXNativeTarget section */
		KSVB000A000000000000001 /* KsSettingsViewBridge */ = {
			isa = PBXNativeTarget;
			buildConfigurationList = KSVB000B000000000000001 /* Build configuration list for PBXNativeTarget "KsSettingsViewBridge" */;
			buildPhases = (
				KSVB000C000000000000001 /* Sources */,
				KSVB0007000000000000001 /* Frameworks */,
			);
			buildRules = (
			);
			dependencies = (
			);
			fileSystemSynchronizedGroups = (
				KSVB0006000000000000001 /* KsSettingsViewBridge */,
			);
			name = KsSettingsViewBridge;
			packageProductDependencies = (
				KSVB0002000000000000001 /* KsSettingsViewCore */,
				KSVB0004000000000000001 /* KsSettingsViewUI */,
			);
			productName = KsSettingsViewBridge;
			productReference = KSVB0005000000000000001 /* KsSettingsViewBridge.framework */;
			productType = "com.apple.product-type.framework";
		};
/* End PBXNativeTarget section */

/* Begin PBXProject section */
		KSVB000D000000000000001 /* Project object */ = {
			isa = PBXProject;
			attributes = {
				BuildIndependentTargetsInParallel = 1;
				LastUpgradeCheck = 2600;
				TargetAttributes = {
					KSVB000A000000000000001 = {
						CreatedOnToolsVersion = 26.0;
					};
				};
			};
			buildConfigurationList = KSVB000E000000000000001 /* Build configuration list for PBXProject "KsSettingsViewBridge" */;
			developmentRegion = en;
			hasScannedForEncodings = 0;
			knownRegions = (
				en,
				Base,
			);
			mainGroup = KSVB0008000000000000001;
			minimizedProjectReferenceProxies = 1;
			packageReferences = (
				KSVB000F000000000000001 /* XCLocalSwiftPackageReference ".." */,
			);
			preferredProjectObjectVersion = 77;
			productRefGroup = KSVB0009000000000000001 /* Products */;
			projectDirPath = "";
			projectRoot = "";
			targets = (
				KSVB000A000000000000001 /* KsSettingsViewBridge */,
			);
		};
/* End PBXProject section */

/* Begin PBXSourcesBuildPhase section */
		KSVB000C000000000000001 /* Sources */ = {
			isa = PBXSourcesBuildPhase;
			buildActionMask = 2147483647;
			files = (
			);
			runOnlyForDeploymentPostprocessing = 0;
		};
/* End PBXSourcesBuildPhase section */

/* Begin XCBuildConfiguration section */
		KSVB0010000000000000001 /* Debug */ = {
			isa = XCBuildConfiguration;
			buildSettings = {
				ALWAYS_SEARCH_USER_PATHS = NO;
				CLANG_ENABLE_MODULES = YES;
				CLANG_ENABLE_OBJC_ARC = YES;
				COPY_PHASE_STRIP = NO;
				CURRENT_PROJECT_VERSION = 1;
				DEBUG_INFORMATION_FORMAT = dwarf;
				ENABLE_STRICT_OBJC_MSGSEND = YES;
				ENABLE_TESTABILITY = YES;
				ENABLE_USER_SCRIPT_SANDBOXING = NO;
				GCC_NO_COMMON_BLOCKS = YES;
				GCC_OPTIMIZATION_LEVEL = 0;
				GCC_PREPROCESSOR_DEFINITIONS = (
					"DEBUG=1",
					"$(inherited)",
				);
				ONLY_ACTIVE_ARCH = NO;
				SWIFT_ACTIVE_COMPILATION_CONDITIONS = "DEBUG $(inherited)";
				SWIFT_OPTIMIZATION_LEVEL = "-Onone";
				VERSIONING_SYSTEM = "apple-generic";
				VERSION_INFO_PREFIX = "";
			};
			name = Debug;
		};
		KSVB0011000000000000001 /* Release */ = {
			isa = XCBuildConfiguration;
			buildSettings = {
				ALWAYS_SEARCH_USER_PATHS = NO;
				CLANG_ENABLE_MODULES = YES;
				CLANG_ENABLE_OBJC_ARC = YES;
				COPY_PHASE_STRIP = NO;
				CURRENT_PROJECT_VERSION = 1;
				DEBUG_INFORMATION_FORMAT = "dwarf-with-dsym";
				ENABLE_NS_ASSERTIONS = NO;
				ENABLE_STRICT_OBJC_MSGSEND = YES;
				ENABLE_USER_SCRIPT_SANDBOXING = NO;
				GCC_NO_COMMON_BLOCKS = YES;
				ONLY_ACTIVE_ARCH = NO;
				SWIFT_COMPILATION_MODE = wholemodule;
				VERSIONING_SYSTEM = "apple-generic";
				VERSION_INFO_PREFIX = "";
			};
			name = Release;
		};
		KSVB0012000000000000001 /* Debug */ = {
			isa = XCBuildConfiguration;
			buildSettings = {
				ALLOW_TARGET_PLATFORM_SPECIALIZATION = YES;
				BUILD_LIBRARY_FOR_DISTRIBUTION = YES;
				CODE_SIGN_STYLE = Automatic;
				CURRENT_PROJECT_VERSION = 1;
				DEFINES_MODULE = YES;
				ENABLE_MODULE_VERIFIER = NO;
				GENERATE_INFOPLIST_FILE = YES;
				INSTALL_PATH = "$(LOCAL_LIBRARY_DIR)/Frameworks";
				IPHONEOS_DEPLOYMENT_TARGET = 16.0;
				MACH_O_TYPE = staticlib;
				MARKETING_VERSION = 1.0;
				OTHER_LDFLAGS = (
					"$(inherited)",
					"-ObjC",
				);
				PRODUCT_BUNDLE_IDENTIFIER = jp.kamusoft.kssettingsview.bridge;
				PRODUCT_NAME = "$(TARGET_NAME:c99extidentifier)";
				SDKROOT = auto;
				SKIP_INSTALL = NO;
				SUPPORTED_PLATFORMS = "iphoneos iphonesimulator";
				SUPPORTS_MACCATALYST = NO;
				SWIFT_INSTALL_OBJC_HEADER = YES;
				SWIFT_OPTIMIZATION_LEVEL = "-Onone";
				SWIFT_VERSION = 5.0;
				TARGETED_DEVICE_FAMILY = "1,2";
			};
			name = Debug;
		};
		KSVB0013000000000000001 /* Release */ = {
			isa = XCBuildConfiguration;
			buildSettings = {
				ALLOW_TARGET_PLATFORM_SPECIALIZATION = YES;
				BUILD_LIBRARY_FOR_DISTRIBUTION = YES;
				CODE_SIGN_STYLE = Automatic;
				CURRENT_PROJECT_VERSION = 1;
				DEFINES_MODULE = YES;
				ENABLE_MODULE_VERIFIER = NO;
				GENERATE_INFOPLIST_FILE = YES;
				INSTALL_PATH = "$(LOCAL_LIBRARY_DIR)/Frameworks";
				IPHONEOS_DEPLOYMENT_TARGET = 16.0;
				MACH_O_TYPE = staticlib;
				MARKETING_VERSION = 1.0;
				OTHER_LDFLAGS = (
					"$(inherited)",
					"-ObjC",
				);
				PRODUCT_BUNDLE_IDENTIFIER = jp.kamusoft.kssettingsview.bridge;
				PRODUCT_NAME = "$(TARGET_NAME:c99extidentifier)";
				SDKROOT = auto;
				SKIP_INSTALL = NO;
				SUPPORTED_PLATFORMS = "iphoneos iphonesimulator";
				SUPPORTS_MACCATALYST = NO;
				SWIFT_INSTALL_OBJC_HEADER = YES;
				SWIFT_VERSION = 5.0;
				TARGETED_DEVICE_FAMILY = "1,2";
			};
			name = Release;
		};
/* End XCBuildConfiguration section */

/* Begin XCConfigurationList section */
		KSVB000E000000000000001 /* Build configuration list for PBXProject "KsSettingsViewBridge" */ = {
			isa = XCConfigurationList;
			buildConfigurations = (
				KSVB0010000000000000001 /* Debug */,
				KSVB0011000000000000001 /* Release */,
			);
			defaultConfigurationIsVisible = 0;
			defaultConfigurationName = Release;
		};
		KSVB000B000000000000001 /* Build configuration list for PBXNativeTarget "KsSettingsViewBridge" */ = {
			isa = XCConfigurationList;
			buildConfigurations = (
				KSVB0012000000000000001 /* Debug */,
				KSVB0013000000000000001 /* Release */,
			);
			defaultConfigurationIsVisible = 0;
			defaultConfigurationName = Release;
		};
/* End XCConfigurationList section */

/* Begin XCLocalSwiftPackageReference section */
		KSVB000F000000000000001 /* XCLocalSwiftPackageReference ".." */ = {
			isa = XCLocalSwiftPackageReference;
			relativePath = ..;
		};
/* End XCLocalSwiftPackageReference section */

/* Begin XCSwiftPackageProductDependency section */
		KSVB0002000000000000001 /* KsSettingsViewCore */ = {
			isa = XCSwiftPackageProductDependency;
			productName = KsSettingsViewCore;
		};
		KSVB0004000000000000001 /* KsSettingsViewUI */ = {
			isa = XCSwiftPackageProductDependency;
			productName = KsSettingsViewUI;
		};
/* End XCSwiftPackageProductDependency section */
	};
	rootObject = KSVB000D000000000000001 /* Project object */;
}
