// !$*UTF8*$!
{
	archiveVersion = 1;
	classes = {
	};
	objectVersion = 70;
	objects = {

/* Begin PBXBuildFile section */
		A1000001000000000000A001 /* KsSettingsViewSampleApp.swift in Sources */ = {isa = PBXBuildFile; fileRef = A1000002000000000000A001 /* KsSettingsViewSampleApp.swift */; };
		A1000001000000000000A002 /* ContentView.swift in Sources */ = {isa = PBXBuildFile; fileRef = A1000002000000000000A002 /* ContentView.swift */; };
		A1000001000000000000A005 /* Assets.xcassets in Resources */ = {isa = PBXBuildFile; fileRef = A1000002000000000000A005 /* Assets.xcassets */; };
		A1000001000000000000A006 /* Preview Assets.xcassets in Resources */ = {isa = PBXBuildFile; fileRef = A1000002000000000000A006 /* Preview Assets.xcassets */; };
		A1000001000000000000A008 /* DSLDemoView.swift in Sources */ = {isa = PBXBuildFile; fileRef = A1000002000000000000A008 /* DSLDemoView.swift */; };
		A1000001000000000000A009 /* BasicCellsDemoView.swift in Sources */ = {isa = PBXBuildFile; fileRef = A1000002000000000000A009 /* BasicCellsDemoView.swift */; };
		A1000001000000000000A00A /* UnifyCellCommonFieldsDemoView.swift in Sources */ = {isa = PBXBuildFile; fileRef = A1000002000000000000A00A /* UnifyCellCommonFieldsDemoView.swift */; };
		A1000001000000000000A00B /* VisibilityDemoView.swift in Sources */ = {isa = PBXBuildFile; fileRef = A1000002000000000000A00B /* VisibilityDemoView.swift */; };
		A1000001000000000000A00C /* MinimalDiffableDemoView.swift in Sources */ = {isa = PBXBuildFile; fileRef = A1000002000000000000A00C /* MinimalDiffableDemoView.swift */; };
		A1000001000000000000A00D /* InputCellsDemoView.swift in Sources */ = {isa = PBXBuildFile; fileRef = A1000002000000000000A00D /* InputCellsDemoView.swift */; };
		A1000001000000000000A00E /* StoreDemoView.swift in Sources */ = {isa = PBXBuildFile; fileRef = A1000002000000000000A00E /* StoreDemoView.swift */; };
		A1000001000000000000A00F /* SampleScreen.swift in Sources */ = {isa = PBXBuildFile; fileRef = A1000002000000000000A00F /* SampleScreen.swift */; };
		A1000001000000000000A010 /* SampleTheme.swift in Sources */ = {isa = PBXBuildFile; fileRef = A1000002000000000000A010 /* SampleTheme.swift */; };
		A1000001000000000000A011 /* CustomCellDemoView.swift in Sources */ = {isa = PBXBuildFile; fileRef = A1000002000000000000A011 /* CustomCellDemoView.swift */; };
		A1000001000000000000A012 /* SampleSliderCell.swift in Sources */ = {isa = PBXBuildFile; fileRef = A1000002000000000000A012 /* SampleSliderCell.swift */; };
		A1000001000000000000A013 /* SectionDecorationSpikeView.swift in Sources */ = {isa = PBXBuildFile; fileRef = A1000002000000000000A013 /* SectionDecorationSpikeView.swift */; };
		A1000001000000000000A014 /* SectionDecorationDemoView.swift in Sources */ = {isa = PBXBuildFile; fileRef = A1000002000000000000A014 /* SectionDecorationDemoView.swift */; };
		A1000001000000000000A015 /* SectionDecorationPreset.swift in Sources */ = {isa = PBXBuildFile; fileRef = A1000002000000000000A015 /* SectionDecorationPreset.swift */; };
		A1000001000000000000A016 /* SectionDecorationDemoControls.swift in Sources */ = {isa = PBXBuildFile; fileRef = A1000002000000000000A016 /* SectionDecorationDemoControls.swift */; };
		A1000001000000000000A017 /* SampleIconBadge.swift in Sources */ = {isa = PBXBuildFile; fileRef = A1000002000000000000A017 /* SampleIconBadge.swift */; };
		A1000001000000000000A018 /* SampleMember.swift in Sources */ = {isa = PBXBuildFile; fileRef = A1000002000000000000A018 /* SampleMember.swift */; };
		A1000003000000000000B001 /* KsSettingsViewCore in Frameworks */ = {isa = PBXBuildFile; productRef = A1000004000000000000B001 /* KsSettingsViewCore */; };
		A1000003000000000000B002 /* KsSettingsViewUI in Frameworks */ = {isa = PBXBuildFile; productRef = A1000004000000000000B002 /* KsSettingsViewUI */; };
		A1000003000000000000B003 /* KsSettingsViewSwiftUI in Frameworks */ = {isa = PBXBuildFile; productRef = A1000004000000000000B003 /* KsSettingsViewSwiftUI */; };
/* End PBXBuildFile section */

/* Begin PBXFileReference section */
		A1000002000000000000A001 /* KsSettingsViewSampleApp.swift */ = {isa = PBXFileReference; lastKnownFileType = sourcecode.swift; path = KsSettingsViewSampleApp.swift; sourceTree = "<group>"; };
		A1000002000000000000A002 /* ContentView.swift */ = {isa = PBXFileReference; lastKnownFileType = sourcecode.swift; path = ContentView.swift; sourceTree = "<group>"; };
		A1000002000000000000A005 /* Assets.xcassets */ = {isa = PBXFileReference; lastKnownFileType = folder.assetcatalog; path = Assets.xcassets; sourceTree = "<group>"; };
		A1000002000000000000A006 /* Preview Assets.xcassets */ = {isa = PBXFileReference; lastKnownFileType = folder.assetcatalog; path = "Preview Assets.xcassets"; sourceTree = "<group>"; };
		A1000002000000000000A008 /* DSLDemoView.swift */ = {isa = PBXFileReference; lastKnownFileType = sourcecode.swift; path = DSLDemoView.swift; sourceTree = "<group>"; };
		A1000002000000000000A009 /* BasicCellsDemoView.swift */ = {isa = PBXFileReference; lastKnownFileType = sourcecode.swift; path = BasicCellsDemoView.swift; sourceTree = "<group>"; };
		A1000002000000000000A00A /* UnifyCellCommonFieldsDemoView.swift */ = {isa = PBXFileReference; lastKnownFileType = sourcecode.swift; path = UnifyCellCommonFieldsDemoView.swift; sourceTree = "<group>"; };
		A1000002000000000000A00B /* VisibilityDemoView.swift */ = {isa = PBXFileReference; lastKnownFileType = sourcecode.swift; path = VisibilityDemoView.swift; sourceTree = "<group>"; };
		A1000002000000000000A00C /* MinimalDiffableDemoView.swift */ = {isa = PBXFileReference; lastKnownFileType = sourcecode.swift; path = MinimalDiffableDemoView.swift; sourceTree = "<group>"; };
		A1000002000000000000A00D /* InputCellsDemoView.swift */ = {isa = PBXFileReference; lastKnownFileType = sourcecode.swift; path = InputCellsDemoView.swift; sourceTree = "<group>"; };
		A1000002000000000000A00E /* StoreDemoView.swift */ = {isa = PBXFileReference; lastKnownFileType = sourcecode.swift; path = StoreDemoView.swift; sourceTree = "<group>"; };
		A1000002000000000000A00F /* SampleScreen.swift */ = {isa = PBXFileReference; lastKnownFileType = sourcecode.swift; path = SampleScreen.swift; sourceTree = "<group>"; };
		A1000002000000000000A010 /* SampleTheme.swift */ = {isa = PBXFileReference; lastKnownFileType = sourcecode.swift; path = SampleTheme.swift; sourceTree = "<group>"; };
		A1000002000000000000A011 /* CustomCellDemoView.swift */ = {isa = PBXFileReference; lastKnownFileType = sourcecode.swift; path = CustomCellDemoView.swift; sourceTree = "<group>"; };
		A1000002000000000000A012 /* SampleSliderCell.swift */ = {isa = PBXFileReference; lastKnownFileType = sourcecode.swift; path = SampleSliderCell.swift; sourceTree = "<group>"; };
		A1000002000000000000A013 /* SectionDecorationSpikeView.swift */ = {isa = PBXFileReference; lastKnownFileType = sourcecode.swift; path = SectionDecorationSpikeView.swift; sourceTree = "<group>"; };
		A1000002000000000000A014 /* SectionDecorationDemoView.swift */ = {isa = PBXFileReference; lastKnownFileType = sourcecode.swift; path = SectionDecorationDemoView.swift; sourceTree = "<group>"; };
		A1000002000000000000A015 /* SectionDecorationPreset.swift */ = {isa = PBXFileReference; lastKnownFileType = sourcecode.swift; path = SectionDecorationPreset.swift; sourceTree = "<group>"; };
		A1000002000000000000A016 /* SectionDecorationDemoControls.swift */ = {isa = PBXFileReference; lastKnownFileType = sourcecode.swift; path = SectionDecorationDemoControls.swift; sourceTree = "<group>"; };
		A1000002000000000000A017 /* SampleIconBadge.swift */ = {isa = PBXFileReference; lastKnownFileType = sourcecode.swift; path = SampleIconBadge.swift; sourceTree = "<group>"; };
		A1000002000000000000A018 /* SampleMember.swift */ = {isa = PBXFileReference; lastKnownFileType = sourcecode.swift; path = SampleMember.swift; sourceTree = "<group>"; };
		A1000005000000000000C001 /* KsSettingsViewSample.app */ = {isa = PBXFileReference; explicitFileType = wrapper.application; includeInIndex = 0; path = KsSettingsViewSample.app; sourceTree = BUILT_PRODUCTS_DIR; };
/* End PBXFileReference section */

/* Begin PBXFrameworksBuildPhase section */
		A1000006000000000000D001 /* Frameworks */ = {
			isa = PBXFrameworksBuildPhase;
			buildActionMask = 2147483647;
			files = (
				A1000003000000000000B001 /* KsSettingsViewCore in Frameworks */,
				A1000003000000000000B002 /* KsSettingsViewUI in Frameworks */,
				A1000003000000000000B003 /* KsSettingsViewSwiftUI in Frameworks */,
			);
			runOnlyForDeploymentPostprocessing = 0;
		};
/* End PBXFrameworksBuildPhase section */

/* Begin PBXGroup section */
		A1000007000000000000E001 = {
			isa = PBXGroup;
			children = (
				A1000007000000000000E002 /* KsSettingsViewSample */,
				A1000007000000000000E003 /* Products */,
			);
			sourceTree = "<group>";
		};
		A1000007000000000000E002 /* KsSettingsViewSample */ = {
			isa = PBXGroup;
			children = (
				A1000002000000000000A001 /* KsSettingsViewSampleApp.swift */,
				A1000002000000000000A002 /* ContentView.swift */,
				A1000002000000000000A008 /* DSLDemoView.swift */,
				A1000002000000000000A009 /* BasicCellsDemoView.swift */,
				A1000002000000000000A00A /* UnifyCellCommonFieldsDemoView.swift */,
				A1000002000000000000A00B /* VisibilityDemoView.swift */,
				A1000002000000000000A00C /* MinimalDiffableDemoView.swift */,
				A1000002000000000000A00D /* InputCellsDemoView.swift */,
				A1000002000000000000A00E /* StoreDemoView.swift */,
				A1000002000000000000A00F /* SampleScreen.swift */,
				A1000002000000000000A010 /* SampleTheme.swift */,
				A1000002000000000000A011 /* CustomCellDemoView.swift */,
				A1000002000000000000A012 /* SampleSliderCell.swift */,
				A1000002000000000000A013 /* SectionDecorationSpikeView.swift */,
				A1000002000000000000A014 /* SectionDecorationDemoView.swift */,
				A1000002000000000000A015 /* SectionDecorationPreset.swift */,
				A1000002000000000000A016 /* SectionDecorationDemoControls.swift */,
				A1000002000000000000A017 /* SampleIconBadge.swift */,
				A1000002000000000000A018 /* SampleMember.swift */,
				A1000002000000000000A005 /* Assets.xcassets */,
				A1000007000000000000E004 /* Preview Content */,
			);
			path = KsSettingsViewSample;
			sourceTree = "<group>";
		};
		A1000007000000000000E003 /* Products */ = {
			isa = PBXGroup;
			children = (
				A1000005000000000000C001 /* KsSettingsViewSample.app */,
			);
			name = Products;
			sourceTree = "<group>";
		};
		A1000007000000000000E004 /* Preview Content */ = {
			isa = PBXGroup;
			children = (
				A1000002000000000000A006 /* Preview Assets.xcassets */,
			);
			path = "Preview Content";
			sourceTree = "<group>";
		};
/* End PBXGroup section */

/* Begin PBXNativeTarget section */
		A1000008000000000000F001 /* KsSettingsViewSample */ = {
			isa = PBXNativeTarget;
			buildConfigurationList = A1000009000000000000F002 /* Build configuration list for PBXNativeTarget "KsSettingsViewSample" */;
			buildPhases = (
				A100000A000000000000F003 /* Sources */,
				A1000006000000000000D001 /* Frameworks */,
				A100000B000000000000F004 /* Resources */,
			);
			buildRules = (
			);
			dependencies = (
			);
			name = KsSettingsViewSample;
			packageProductDependencies = (
				A1000004000000000000B001 /* KsSettingsViewCore */,
				A1000004000000000000B002 /* KsSettingsViewUI */,
				A1000004000000000000B003 /* KsSettingsViewSwiftUI */,
			);
			productName = KsSettingsViewSample;
			productReference = A1000005000000000000C001 /* KsSettingsViewSample.app */;
			productType = "com.apple.product-type.application";
		};
/* End PBXNativeTarget section */

/* Begin PBXProject section */
		A100000C000000000000F005 /* Project object */ = {
			isa = PBXProject;
			attributes = {
				BuildIndependentTargetsInParallel = 1;
				LastSwiftUpdateCheck = 1610;
				LastUpgradeCheck = 1610;
				TargetAttributes = {
					A1000008000000000000F001 = {
						CreatedOnToolsVersion = 16.0;
					};
				};
			};
			buildConfigurationList = A100000D000000000000F006 /* Build configuration list for PBXProject "KsSettingsViewSample" */;
			compatibilityVersion = "Xcode 16.0.Superseded.1";
			developmentRegion = en;
			hasScannedForEncodings = 0;
			knownRegions = (
				en,
				Base,
			);
			mainGroup = A1000007000000000000E001;
			minimizedProjectReferenceProxies = 1;
			packageReferences = (
				A100000E000000000000F007 /* XCLocalSwiftPackageReference "../../ios" */,
			);
			productRefGroup = A1000007000000000000E003 /* Products */;
			projectDirPath = "";
			projectRoot = "";
			targets = (
				A1000008000000000000F001 /* KsSettingsViewSample */,
			);
		};
/* End PBXProject section */

/* Begin PBXResourcesBuildPhase section */
		A100000B000000000000F004 /* Resources */ = {
			isa = PBXResourcesBuildPhase;
			buildActionMask = 2147483647;
			files = (
				A1000001000000000000A006 /* Preview Assets.xcassets in Resources */,
				A1000001000000000000A005 /* Assets.xcassets in Resources */,
			);
			runOnlyForDeploymentPostprocessing = 0;
		};
/* End PBXResourcesBuildPhase section */

/* Begin PBXSourcesBuildPhase section */
		A100000A000000000000F003 /* Sources */ = {
			isa = PBXSourcesBuildPhase;
			buildActionMask = 2147483647;
			files = (
				A1000001000000000000A002 /* ContentView.swift in Sources */,
				A1000001000000000000A001 /* KsSettingsViewSampleApp.swift in Sources */,
				A1000001000000000000A008 /* DSLDemoView.swift in Sources */,
				A1000001000000000000A009 /* BasicCellsDemoView.swift in Sources */,
				A1000001000000000000A00A /* UnifyCellCommonFieldsDemoView.swift in Sources */,
				A1000001000000000000A00B /* VisibilityDemoView.swift in Sources */,
				A1000001000000000000A00C /* MinimalDiffableDemoView.swift in Sources */,
				A1000001000000000000A00D /* InputCellsDemoView.swift in Sources */,
				A1000001000000000000A00E /* StoreDemoView.swift in Sources */,
				A1000001000000000000A00F /* SampleScreen.swift in Sources */,
				A1000001000000000000A010 /* SampleTheme.swift in Sources */,
				A1000001000000000000A011 /* CustomCellDemoView.swift in Sources */,
				A1000001000000000000A012 /* SampleSliderCell.swift in Sources */,
				A1000001000000000000A013 /* SectionDecorationSpikeView.swift in Sources */,
				A1000001000000000000A014 /* SectionDecorationDemoView.swift in Sources */,
				A1000001000000000000A015 /* SectionDecorationPreset.swift in Sources */,
				A1000001000000000000A016 /* SectionDecorationDemoControls.swift in Sources */,
				A1000001000000000000A017 /* SampleIconBadge.swift in Sources */,
				A1000001000000000000A018 /* SampleMember.swift in Sources */,
			);
			runOnlyForDeploymentPostprocessing = 0;
		};
/* End PBXSourcesBuildPhase section */

/* Begin XCBuildConfiguration section */
		A100000F000000000000F008 /* Debug */ = {
			isa = XCBuildConfiguration;
			buildSettings = {
				ALWAYS_SEARCH_USER_PATHS = NO;
				ASSETCATALOG_COMPILER_GENERATE_SWIFT_ASSET_SYMBOL_EXTENSIONS = YES;
				CLANG_ANALYZER_NONNULL = YES;
				CLANG_ANALYZER_NUMBER_OBJECT_CONVERSION = YES_AGGRESSIVE;
				CLANG_CXX_LANGUAGE_STANDARD = "gnu++20";
				CLANG_ENABLE_MODULES = YES;
				CLANG_ENABLE_OBJC_ARC = YES;
				CLANG_ENABLE_OBJC_WEAK = YES;
				CLANG_WARN_BLOCK_CAPTURE_AUTORELEASING = YES;
				CLANG_WARN_BOOL_CONVERSION = YES;
				CLANG_WARN_COMMA = YES;
				CLANG_WARN_CONSTANT_CONVERSION = YES;
				CLANG_WARN_DEPRECATED_OBJC_IMPLEMENTATIONS = YES;
				CLANG_WARN_DIRECT_OBJC_ISA_USAGE = YES_ERROR;
				CLANG_WARN_DOCUMENTATION_COMMENTS = YES;
				CLANG_WARN_EMPTY_BODY = YES;
				CLANG_WARN_ENUM_CONVERSION = YES;
				CLANG_WARN_INFINITE_RECURSION = YES;
				CLANG_WARN_INT_CONVERSION = YES;
				CLANG_WARN_NON_LITERAL_NULL_CONVERSION = YES;
				CLANG_WARN_OBJC_IMPLICIT_RETAIN_SELF = YES;
				CLANG_WARN_OBJC_LITERAL_CONVERSION = YES;
				CLANG_WARN_OBJC_ROOT_CLASS = YES_ERROR;
				CLANG_WARN_QUOTED_INCLUDE_IN_FRAMEWORK_HEADER = YES;
				CLANG_WARN_RANGE_LOOP_ANALYSIS = YES;
				CLANG_WARN_STRICT_PROTOTYPES = YES;
				CLANG_WARN_SUSPICIOUS_MOVE = YES;
				CLANG_WARN_UNGUARDED_AVAILABILITY = YES_AGGRESSIVE;
				CLANG_WARN_UNREACHABLE_CODE = YES;
				CLANG_WARN__DUPLICATE_METHOD_MATCH = YES;
				COPY_PHASE_STRIP = NO;
				DEBUG_INFORMATION_FORMAT = dwarf;
				ENABLE_STRICT_OBJC_MSGSEND = YES;
				ENABLE_TESTABILITY = YES;
				ENABLE_USER_SCRIPT_SANDBOXING = YES;
				GCC_C_LANGUAGE_STANDARD = gnu17;
				GCC_DYNAMIC_NO_PIC = NO;
				GCC_NO_COMMON_BLOCKS = YES;
				GCC_OPTIMIZATION_LEVEL = 0;
				GCC_PREPROCESSOR_DEFINITIONS = (
					"DEBUG=1",
					"$(inherited)",
				);
				GCC_WARN_64_TO_32_BIT_CONVERSION = YES;
				GCC_WARN_ABOUT_RETURN_TYPE = YES_ERROR;
				GCC_WARN_UNDECLARED_SELECTOR = YES;
				GCC_WARN_UNINITIALIZED_AUTOS = YES_AGGRESSIVE;
				GCC_WARN_UNUSED_FUNCTION = YES;
				GCC_WARN_UNUSED_VARIABLE = YES;
				IPHONEOS_DEPLOYMENT_TARGET = 16.0;
				LOCALIZATION_PREFERS_STRING_CATALOGS = YES;
				MTL_ENABLE_DEBUG_INFO = INCLUDE_SOURCE;
				MTL_FAST_MATH = YES;
				ONLY_ACTIVE_ARCH = YES;
				SDKROOT = iphoneos;
				SWIFT_ACTIVE_COMPILATION_CONDITIONS = "DEBUG $(inherited)";
				SWIFT_OPTIMIZATION_LEVEL = "-Onone";
			};
			name = Debug;
		};
		A100000F000000000000F009 /* Release */ = {
			isa = XCBuildConfiguration;
			buildSettings = {
				ALWAYS_SEARCH_USER_PATHS = NO;
				ASSETCATALOG_COMPILER_GENERATE_SWIFT_ASSET_SYMBOL_EXTENSIONS = YES;
				CLANG_ANALYZER_NONNULL = YES;
				CLANG_ANALYZER_NUMBER_OBJECT_CONVERSION = YES_AGGRESSIVE;
				CLANG_CXX_LANGUAGE_STANDARD = "gnu++20";
				CLANG_ENABLE_MODULES = YES;
				CLANG_ENABLE_OBJC_ARC = YES;
				CLANG_ENABLE_OBJC_WEAK = YES;
				CLANG_WARN_BLOCK_CAPTURE_AUTORELEASING = YES;
				CLANG_WARN_BOOL_CONVERSION = YES;
				CLANG_WARN_COMMA = YES;
				CLANG_WARN_CONSTANT_CONVERSION = YES;
				CLANG_WARN_DEPRECATED_OBJC_IMPLEMENTATIONS = YES;
				CLANG_WARN_DIRECT_OBJC_ISA_USAGE = YES_ERROR;
				CLANG_WARN_DOCUMENTATION_COMMENTS = YES;
				CLANG_WARN_EMPTY_BODY = YES;
				CLANG_WARN_ENUM_CONVERSION = YES;
				CLANG_WARN_INFINITE_RECURSION = YES;
				CLANG_WARN_INT_CONVERSION = YES;
				CLANG_WARN_NON_LITERAL_NULL_CONVERSION = YES;
				CLANG_WARN_OBJC_IMPLICIT_RETAIN_SELF = YES;
				CLANG_WARN_OBJC_LITERAL_CONVERSION = YES;
				CLANG_WARN_OBJC_ROOT_CLASS = YES_ERROR;
				CLANG_WARN_QUOTED_INCLUDE_IN_FRAMEWORK_HEADER = YES;
				CLANG_WARN_RANGE_LOOP_ANALYSIS = YES;
				CLANG_WARN_STRICT_PROTOTYPES = YES;
				CLANG_WARN_SUSPICIOUS_MOVE = YES;
				CLANG_WARN_UNGUARDED_AVAILABILITY = YES_AGGRESSIVE;
				CLANG_WARN_UNREACHABLE_CODE = YES;
				CLANG_WARN__DUPLICATE_METHOD_MATCH = YES;
				COPY_PHASE_STRIP = NO;
				DEBUG_INFORMATION_FORMAT = "dwarf-with-dsym";
				ENABLE_NS_ASSERTIONS = NO;
				ENABLE_STRICT_OBJC_MSGSEND = YES;
				ENABLE_USER_SCRIPT_SANDBOXING = YES;
				GCC_C_LANGUAGE_STANDARD = gnu17;
				GCC_NO_COMMON_BLOCKS = YES;
				GCC_WARN_64_TO_32_BIT_CONVERSION = YES;
				GCC_WARN_ABOUT_RETURN_TYPE = YES_ERROR;
				GCC_WARN_UNDECLARED_SELECTOR = YES;
				GCC_WARN_UNINITIALIZED_AUTOS = YES_AGGRESSIVE;
				GCC_WARN_UNUSED_FUNCTION = YES;
				GCC_WARN_UNUSED_VARIABLE = YES;
				IPHONEOS_DEPLOYMENT_TARGET = 16.0;
				LOCALIZATION_PREFERS_STRING_CATALOGS = YES;
				MTL_ENABLE_DEBUG_INFO = NO;
				MTL_FAST_MATH = YES;
				SDKROOT = iphoneos;
				SWIFT_COMPILATION_MODE = wholemodule;
				VALIDATE_PRODUCT = YES;
			};
			name = Release;
		};
		A1000010000000000000F00A /* Debug */ = {
			isa = XCBuildConfiguration;
			buildSettings = {
				ASSETCATALOG_COMPILER_APPICON_NAME = AppIcon;
				ASSETCATALOG_COMPILER_GLOBAL_ACCENT_COLOR_NAME = AccentColor;
				CODE_SIGN_STYLE = Automatic;
				CURRENT_PROJECT_VERSION = 1;
				DEVELOPMENT_ASSET_PATHS = "\"KsSettingsViewSample/Preview Content\"";
				DEVELOPMENT_TEAM = "";
				ENABLE_PREVIEWS = YES;
				GENERATE_INFOPLIST_FILE = YES;
				INFOPLIST_KEY_CFBundleDisplayName = "KsSettingsView Sample";
				INFOPLIST_KEY_UIApplicationSceneManifest_Generation = YES;
				INFOPLIST_KEY_UIApplicationSupportsIndirectInputEvents = YES;
				INFOPLIST_KEY_UILaunchScreen_Generation = YES;
				INFOPLIST_KEY_UISupportedInterfaceOrientations_iPad = "UIInterfaceOrientationPortrait UIInterfaceOrientationPortraitUpsideDown UIInterfaceOrientationLandscapeLeft UIInterfaceOrientationLandscapeRight";
				INFOPLIST_KEY_UISupportedInterfaceOrientations_iPhone = "UIInterfaceOrientationPortrait UIInterfaceOrientationLandscapeLeft UIInterfaceOrientationLandscapeRight";
				IPHONEOS_DEPLOYMENT_TARGET = 16.0;
				LD_RUNPATH_SEARCH_PATHS = (
					"$(inherited)",
					"@executable_path/Frameworks",
				);
				MARKETING_VERSION = 1.0;
				PRODUCT_BUNDLE_IDENTIFIER = jp.kamusoft.kssettingsview.samples.ios;
				PRODUCT_NAME = "$(TARGET_NAME)";
				SWIFT_EMIT_LOC_STRINGS = YES;
				SWIFT_VERSION = 6.0;
				TARGETED_DEVICE_FAMILY = "1,2";
			};
			name = Debug;
		};
		A1000010000000000000F00B /* Release */ = {
			isa = XCBuildConfiguration;
			buildSettings = {
				ASSETCATALOG_COMPILER_APPICON_NAME = AppIcon;
				ASSETCATALOG_COMPILER_GLOBAL_ACCENT_COLOR_NAME = AccentColor;
				CODE_SIGN_STYLE = Automatic;
				CURRENT_PROJECT_VERSION = 1;
				DEVELOPMENT_ASSET_PATHS = "\"KsSettingsViewSample/Preview Content\"";
				DEVELOPMENT_TEAM = "";
				ENABLE_PREVIEWS = YES;
				GENERATE_INFOPLIST_FILE = YES;
				INFOPLIST_KEY_CFBundleDisplayName = "KsSettingsView Sample";
				INFOPLIST_KEY_UIApplicationSceneManifest_Generation = YES;
				INFOPLIST_KEY_UIApplicationSupportsIndirectInputEvents = YES;
				INFOPLIST_KEY_UILaunchScreen_Generation = YES;
				INFOPLIST_KEY_UISupportedInterfaceOrientations_iPad = "UIInterfaceOrientationPortrait UIInterfaceOrientationPortraitUpsideDown UIInterfaceOrientationLandscapeLeft UIInterfaceOrientationLandscapeRight";
				INFOPLIST_KEY_UISupportedInterfaceOrientations_iPhone = "UIInterfaceOrientationPortrait UIInterfaceOrientationLandscapeLeft UIInterfaceOrientationLandscapeRight";
				IPHONEOS_DEPLOYMENT_TARGET = 16.0;
				LD_RUNPATH_SEARCH_PATHS = (
					"$(inherited)",
					"@executable_path/Frameworks",
				);
				MARKETING_VERSION = 1.0;
				PRODUCT_BUNDLE_IDENTIFIER = jp.kamusoft.kssettingsview.samples.ios;
				PRODUCT_NAME = "$(TARGET_NAME)";
				SWIFT_EMIT_LOC_STRINGS = YES;
				SWIFT_VERSION = 6.0;
				TARGETED_DEVICE_FAMILY = "1,2";
			};
			name = Release;
		};
/* End XCBuildConfiguration section */

/* Begin XCConfigurationList section */
		A1000009000000000000F002 /* Build configuration list for PBXNativeTarget "KsSettingsViewSample" */ = {
			isa = XCConfigurationList;
			buildConfigurations = (
				A1000010000000000000F00A /* Debug */,
				A1000010000000000000F00B /* Release */,
			);
			defaultConfigurationIsVisible = 0;
			defaultConfigurationName = Release;
		};
		A100000D000000000000F006 /* Build configuration list for PBXProject "KsSettingsViewSample" */ = {
			isa = XCConfigurationList;
			buildConfigurations = (
				A100000F000000000000F008 /* Debug */,
				A100000F000000000000F009 /* Release */,
			);
			defaultConfigurationIsVisible = 0;
			defaultConfigurationName = Release;
		};
/* End XCConfigurationList section */

/* Begin XCLocalSwiftPackageReference section */
		A100000E000000000000F007 /* XCLocalSwiftPackageReference "../../ios" */ = {
			isa = XCLocalSwiftPackageReference;
			relativePath = ../../ios;
		};
/* End XCLocalSwiftPackageReference section */

/* Begin XCSwiftPackageProductDependency section */
		A1000004000000000000B001 /* KsSettingsViewCore */ = {
			isa = XCSwiftPackageProductDependency;
			productName = KsSettingsViewCore;
		};
		A1000004000000000000B002 /* KsSettingsViewUI */ = {
			isa = XCSwiftPackageProductDependency;
			productName = KsSettingsViewUI;
		};
		A1000004000000000000B003 /* KsSettingsViewSwiftUI */ = {
			isa = XCSwiftPackageProductDependency;
			productName = KsSettingsViewSwiftUI;
		};
/* End XCSwiftPackageProductDependency section */
	};
	rootObject = A100000C000000000000F005 /* Project object */;
}
